
Microsoft Visual Studio Solution File, Format Version 12.00
# Visual Studio Version 17
VisualStudioVersion = 17.11.35222.181
MinimumVisualStudioVersion = 10.0.40219.1
Project("{FAE04EC0-301F-11D3-BF4B-00C04F79EFBC}") = "InsurancePolicyWebAPI", "InsurancePolicyWebAPI\InsurancePolicyWebAPI.csproj", "{3370A043-1B4A-40C9-A047-CE44AEEA32DB}"
EndProject
Global
	GlobalSection(SolutionConfigurationPlatforms) = preSolution
		Debug|Any CPU = Debug|Any CPU
		Release|Any CPU = Release|Any CPU
	EndGlobalSection
	GlobalSection(ProjectConfigurationPlatforms) = postSolution
		{3370A043-1B4A-40C9-A047-CE44AEEA32DB}.Debug|Any CPU.ActiveCfg = Debug|Any CPU
		{3370A043-1B4A-40C9-A047-CE44AEEA32DB}.Debug|Any CPU.Build.0 = Debug|Any CPU
		{3370A043-1B4A-40C9-A047-CE44AEEA32DB}.Release|Any CPU.ActiveCfg = Release|Any CPU
		{3370A043-1B4A-40C9-A047-CE44AEEA32DB}.Release|Any CPU.Build.0 = Release|Any CPU
	EndGlobalSection
	GlobalSection(SolutionProperties) = preSolution
		HideSolutionNode = FALSE
	EndGlobalSection
	GlobalSection(ExtensibilityGlobals) = postSolution
		SolutionGuid = {92C428B6-C663-4EB0-90DB-BBDC9532B299}
	EndGlobalSection
EndGlobal
