
Microsoft Visual Studio Solution File, Format Version 12.00
# Visual Studio Version 17
VisualStudioVersion = 17.11.35222.181
MinimumVisualStudioVersion = 10.0.40219.1
Project("{FAE04EC0-301F-11D3-BF4B-00C04F79EFBC}") = "Day7Class", "Day7Class\Day7Class.csproj", "{D549C061-9AF9-443A-B2CF-4EBD21251255}"
EndProject
Global
	GlobalSection(SolutionConfigurationPlatforms) = preSolution
		Debug|Any CPU = Debug|Any CPU
		Release|Any CPU = Release|Any CPU
	EndGlobalSection
	GlobalSection(ProjectConfigurationPlatforms) = postSolution
		{D549C061-9AF9-443A-B2CF-4EBD21251255}.Debug|Any CPU.ActiveCfg = Debug|Any CPU
		{D549C061-9AF9-443A-B2CF-4EBD21251255}.Debug|Any CPU.Build.0 = Debug|Any CPU
		{D549C061-9AF9-443A-B2CF-4EBD21251255}.Release|Any CPU.ActiveCfg = Release|Any CPU
		{D549C061-9AF9-443A-B2CF-4EBD21251255}.Release|Any CPU.Build.0 = Release|Any CPU
	EndGlobalSection
	GlobalSection(SolutionProperties) = preSolution
		HideSolutionNode = FALSE
	EndGlobalSection
	GlobalSection(ExtensibilityGlobals) = postSolution
		SolutionGuid = {69207744-C49B-44C6-B7EF-CAF8F55732A5}
	EndGlobalSection
EndGlobal
