
Microsoft Visual Studio Solution File, Format Version 12.00
# Visual Studio Version 17
VisualStudioVersion = 17.11.35222.181
MinimumVisualStudioVersion = 10.0.40219.1
Project("{FAE04EC0-301F-11D3-BF4B-00C04F79EFBC}") = "UnderstandingAbstactClass", "UnderstandingAbstactClass\UnderstandingAbstactClass.csproj", "{FE67FF8A-E498-4515-96D8-71EFDF232703}"
EndProject
Global
	GlobalSection(SolutionConfigurationPlatforms) = preSolution
		Debug|Any CPU = Debug|Any CPU
		Release|Any CPU = Release|Any CPU
	EndGlobalSection
	GlobalSection(ProjectConfigurationPlatforms) = postSolution
		{FE67FF8A-E498-4515-96D8-71EFDF232703}.Debug|Any CPU.ActiveCfg = Debug|Any CPU
		{FE67FF8A-E498-4515-96D8-71EFDF232703}.Debug|Any CPU.Build.0 = Debug|Any CPU
		{FE67FF8A-E498-4515-96D8-71EFDF232703}.Release|Any CPU.ActiveCfg = Release|Any CPU
		{FE67FF8A-E498-4515-96D8-71EFDF232703}.Release|Any CPU.Build.0 = Release|Any CPU
	EndGlobalSection
	GlobalSection(SolutionProperties) = preSolution
		HideSolutionNode = FALSE
	EndGlobalSection
	GlobalSection(ExtensibilityGlobals) = postSolution
		SolutionGuid = {F4C61300-9563-4DB1-A0C9-C356C98334CC}
	EndGlobalSection
EndGlobal
