
Microsoft Visual Studio Solution File, Format Version 12.00
# Visual Studio Version 17
VisualStudioVersion = 17.11.35222.181
MinimumVisualStudioVersion = 10.0.40219.1
Project("{FAE04EC0-301F-11D3-BF4B-00C04F79EFBC}") = "LandinPage", "LandinPage\LandinPage.csproj", "{61CE53BD-53AF-4E3B-98EF-73E432E4777A}"
EndProject
Global
	GlobalSection(SolutionConfigurationPlatforms) = preSolution
		Debug|Any CPU = Debug|Any CPU
		Release|Any CPU = Release|Any CPU
	EndGlobalSection
	GlobalSection(ProjectConfigurationPlatforms) = postSolution
		{61CE53BD-53AF-4E3B-98EF-73E432E4777A}.Debug|Any CPU.ActiveCfg = Debug|Any CPU
		{61CE53BD-53AF-4E3B-98EF-73E432E4777A}.Debug|Any CPU.Build.0 = Debug|Any CPU
		{61CE53BD-53AF-4E3B-98EF-73E432E4777A}.Release|Any CPU.ActiveCfg = Release|Any CPU
		{61CE53BD-53AF-4E3B-98EF-73E432E4777A}.Release|Any CPU.Build.0 = Release|Any CPU
	EndGlobalSection
	GlobalSection(SolutionProperties) = preSolution
		HideSolutionNode = FALSE
	EndGlobalSection
	GlobalSection(ExtensibilityGlobals) = postSolution
		SolutionGuid = {BEBAF3D7-8478-4768-8164-489ECE291C17}
	EndGlobalSection
EndGlobal
