
Microsoft Visual Studio Solution File, Format Version 12.00
# Visual Studio Version 17
VisualStudioVersion = 17.11.35222.181
MinimumVisualStudioVersion = 10.0.40219.1
Project("{FAE04EC0-301F-11D3-BF4B-00C04F79EFBC}") = "UnderstandingStructureApp", "UnderstandingStructureApp\UnderstandingStructureApp.csproj", "{6112D271-BCD6-4CD3-95B4-4F2283BCF4A5}"
EndProject
Global
	GlobalSection(SolutionConfigurationPlatforms) = preSolution
		Debug|Any CPU = Debug|Any CPU
		Release|Any CPU = Release|Any CPU
	EndGlobalSection
	GlobalSection(ProjectConfigurationPlatforms) = postSolution
		{6112D271-BCD6-4CD3-95B4-4F2283BCF4A5}.Debug|Any CPU.ActiveCfg = Debug|Any CPU
		{6112D271-BCD6-4CD3-95B4-4F2283BCF4A5}.Debug|Any CPU.Build.0 = Debug|Any CPU
		{6112D271-BCD6-4CD3-95B4-4F2283BCF4A5}.Release|Any CPU.ActiveCfg = Release|Any CPU
		{6112D271-BCD6-4CD3-95B4-4F2283BCF4A5}.Release|Any CPU.Build.0 = Release|Any CPU
	EndGlobalSection
	GlobalSection(SolutionProperties) = preSolution
		HideSolutionNode = FALSE
	EndGlobalSection
	GlobalSection(ExtensibilityGlobals) = postSolution
		SolutionGuid = {955CCFCF-36EF-4F9C-9449-1B7A0AE96A66}
	EndGlobalSection
EndGlobal
