
Microsoft Visual Studio Solution File, Format Version 12.00
# Visual Studio Version 17
VisualStudioVersion = 17.11.35222.181
MinimumVisualStudioVersion = 10.0.40219.1
Project("{FAE04EC0-301F-11D3-BF4B-00C04F79EFBC}") = "BuildDesignPattern", "BuildDesignPattern\BuildDesignPattern.csproj", "{6495A98D-1350-49FB-A56A-EAA8B959C764}"
EndProject
Global
	GlobalSection(SolutionConfigurationPlatforms) = preSolution
		Debug|Any CPU = Debug|Any CPU
		Release|Any CPU = Release|Any CPU
	EndGlobalSection
	GlobalSection(ProjectConfigurationPlatforms) = postSolution
		{6495A98D-1350-49FB-A56A-EAA8B959C764}.Debug|Any CPU.ActiveCfg = Debug|Any CPU
		{6495A98D-1350-49FB-A56A-EAA8B959C764}.Debug|Any CPU.Build.0 = Debug|Any CPU
		{6495A98D-1350-49FB-A56A-EAA8B959C764}.Release|Any CPU.ActiveCfg = Release|Any CPU
		{6495A98D-1350-49FB-A56A-EAA8B959C764}.Release|Any CPU.Build.0 = Release|Any CPU
	EndGlobalSection
	GlobalSection(SolutionProperties) = preSolution
		HideSolutionNode = FALSE
	EndGlobalSection
	GlobalSection(ExtensibilityGlobals) = postSolution
		SolutionGuid = {B117E8CD-D929-445E-AEFF-6024A379E053}
	EndGlobalSection
EndGlobal
