
Microsoft Visual Studio Solution File, Format Version 12.00
# Visual Studio Version 17
VisualStudioVersion = 17.11.35222.181
MinimumVisualStudioVersion = 10.0.40219.1
Project("{FAE04EC0-301F-11D3-BF4B-00C04F79EFBC}") = "EnitityFrameworkFirstApp", "EnitityFrameworkFirstApp\EnitityFrameworkFirstApp.csproj", "{2040C2DE-9F84-42BE-87E3-07719B871F2B}"
EndProject
Global
	GlobalSection(SolutionConfigurationPlatforms) = preSolution
		Debug|Any CPU = Debug|Any CPU
		Release|Any CPU = Release|Any CPU
	EndGlobalSection
	GlobalSection(ProjectConfigurationPlatforms) = postSolution
		{2040C2DE-9F84-42BE-87E3-07719B871F2B}.Debug|Any CPU.ActiveCfg = Debug|Any CPU
		{2040C2DE-9F84-42BE-87E3-07719B871F2B}.Debug|Any CPU.Build.0 = Debug|Any CPU
		{2040C2DE-9F84-42BE-87E3-07719B871F2B}.Release|Any CPU.ActiveCfg = Release|Any CPU
		{2040C2DE-9F84-42BE-87E3-07719B871F2B}.Release|Any CPU.Build.0 = Release|Any CPU
	EndGlobalSection
	GlobalSection(SolutionProperties) = preSolution
		HideSolutionNode = FALSE
	EndGlobalSection
	GlobalSection(ExtensibilityGlobals) = postSolution
		SolutionGuid = {C4F3FB3C-8F67-434D-BFF8-A8247C8605FB}
	EndGlobalSection
EndGlobal
