
Microsoft Visual Studio Solution File, Format Version 12.00
# Visual Studio Version 17
VisualStudioVersion = 17.11.35222.181
MinimumVisualStudioVersion = 10.0.40219.1
Project("{FAE04EC0-301F-11D3-BF4B-00C04F79EFBC}") = "EventBookingWebApi", "EventBookingWebApi\EventBookingWebApi.csproj", "{D26887DF-7874-4557-BEC0-BB2F598A756E}"
EndProject
Global
	GlobalSection(SolutionConfigurationPlatforms) = preSolution
		Debug|Any CPU = Debug|Any CPU
		Release|Any CPU = Release|Any CPU
	EndGlobalSection
	GlobalSection(ProjectConfigurationPlatforms) = postSolution
		{D26887DF-7874-4557-BEC0-BB2F598A756E}.Debug|Any CPU.ActiveCfg = Debug|Any CPU
		{D26887DF-7874-4557-BEC0-BB2F598A756E}.Debug|Any CPU.Build.0 = Debug|Any CPU
		{D26887DF-7874-4557-BEC0-BB2F598A756E}.Release|Any CPU.ActiveCfg = Release|Any CPU
		{D26887DF-7874-4557-BEC0-BB2F598A756E}.Release|Any CPU.Build.0 = Release|Any CPU
	EndGlobalSection
	GlobalSection(SolutionProperties) = preSolution
		HideSolutionNode = FALSE
	EndGlobalSection
	GlobalSection(ExtensibilityGlobals) = postSolution
		SolutionGuid = {3AECD29F-5988-4205-95E5-584A68BF61E3}
	EndGlobalSection
EndGlobal
