
Microsoft Visual Studio Solution File, Format Version 12.00
# Visual Studio Version 17
VisualStudioVersion = 17.11.35222.181
MinimumVisualStudioVersion = 10.0.40219.1
Project("{FAE04EC0-301F-11D3-BF4B-00C04F79EFBC}") = "Day6Task", "Day6Task\Day6Task.csproj", "{EE8773CB-AB17-4C97-9758-7D31A00414D3}"
EndProject
Global
	GlobalSection(SolutionConfigurationPlatforms) = preSolution
		Debug|Any CPU = Debug|Any CPU
		Release|Any CPU = Release|Any CPU
	EndGlobalSection
	GlobalSection(ProjectConfigurationPlatforms) = postSolution
		{EE8773CB-AB17-4C97-9758-7D31A00414D3}.Debug|Any CPU.ActiveCfg = Debug|Any CPU
		{EE8773CB-AB17-4C97-9758-7D31A00414D3}.Debug|Any CPU.Build.0 = Debug|Any CPU
		{EE8773CB-AB17-4C97-9758-7D31A00414D3}.Release|Any CPU.ActiveCfg = Release|Any CPU
		{EE8773CB-AB17-4C97-9758-7D31A00414D3}.Release|Any CPU.Build.0 = Release|Any CPU
	EndGlobalSection
	GlobalSection(SolutionProperties) = preSolution
		HideSolutionNode = FALSE
	EndGlobalSection
	GlobalSection(ExtensibilityGlobals) = postSolution
		SolutionGuid = {33A585FC-9448-4B39-932E-94F4872C253B}
	EndGlobalSection
EndGlobal
