
Microsoft Visual Studio Solution File, Format Version 12.00
# Visual Studio Version 17
VisualStudioVersion = 17.11.35222.181
MinimumVisualStudioVersion = 10.0.40219.1
Project("{FAE04EC0-301F-11D3-BF4B-00C04F79EFBC}") = "ProfilePageWebApplication", "ProfilePageWebApplication\ProfilePageWebApplication.csproj", "{FBC1C5F3-FE4B-4A74-A647-24495A4EC8F2}"
EndProject
Global
	GlobalSection(SolutionConfigurationPlatforms) = preSolution
		Debug|Any CPU = Debug|Any CPU
		Release|Any CPU = Release|Any CPU
	EndGlobalSection
	GlobalSection(ProjectConfigurationPlatforms) = postSolution
		{FBC1C5F3-FE4B-4A74-A647-24495A4EC8F2}.Debug|Any CPU.ActiveCfg = Debug|Any CPU
		{FBC1C5F3-FE4B-4A74-A647-24495A4EC8F2}.Debug|Any CPU.Build.0 = Debug|Any CPU
		{FBC1C5F3-FE4B-4A74-A647-24495A4EC8F2}.Release|Any CPU.ActiveCfg = Release|Any CPU
		{FBC1C5F3-FE4B-4A74-A647-24495A4EC8F2}.Release|Any CPU.Build.0 = Release|Any CPU
	EndGlobalSection
	GlobalSection(SolutionProperties) = preSolution
		HideSolutionNode = FALSE
	EndGlobalSection
	GlobalSection(ExtensibilityGlobals) = postSolution
		SolutionGuid = {99B6DEAC-902F-4FDB-AF14-12E4F71ACD08}
	EndGlobalSection
EndGlobal
