
Microsoft Visual Studio Solution File, Format Version 12.00
# Visual Studio Version 17
VisualStudioVersion = 17.11.35222.181
MinimumVisualStudioVersion = 10.0.40219.1
Project("{FAE04EC0-301F-11D3-BF4B-00C04F79EFBC}") = "College", "College\College.csproj", "{743440B8-0123-4F3A-BB66-1838FACC5748}"
EndProject
Global
	GlobalSection(SolutionConfigurationPlatforms) = preSolution
		Debug|Any CPU = Debug|Any CPU
		Release|Any CPU = Release|Any CPU
	EndGlobalSection
	GlobalSection(ProjectConfigurationPlatforms) = postSolution
		{743440B8-0123-4F3A-BB66-1838FACC5748}.Debug|Any CPU.ActiveCfg = Debug|Any CPU
		{743440B8-0123-4F3A-BB66-1838FACC5748}.Debug|Any CPU.Build.0 = Debug|Any CPU
		{743440B8-0123-4F3A-BB66-1838FACC5748}.Release|Any CPU.ActiveCfg = Release|Any CPU
		{743440B8-0123-4F3A-BB66-1838FACC5748}.Release|Any CPU.Build.0 = Release|Any CPU
	EndGlobalSection
	GlobalSection(SolutionProperties) = preSolution
		HideSolutionNode = FALSE
	EndGlobalSection
	GlobalSection(ExtensibilityGlobals) = postSolution
		SolutionGuid = {A2A471D6-CF85-4F79-A73B-BE093C1FFAFC}
	EndGlobalSection
EndGlobal
